{
  "name": "nearby-cities",
  "version": "1.1.0",
  "lockfileVersion": 1,
  "requires": true,
  "dependencies": {
    "abbrev": {
      "version": "1.1.1",
      "resolved": "https://registry.npmjs.org/abbrev/-/abbrev-1.1.1.tgz",
      "integrity": "sha512-nne9/IiQ/hzIhY6pdDnbBtz7DjPTKrY00P/zvPSm5pOFkl6xuGrGnXn/VtTNNfNtAfZ9/1RtehkszU9qcTii0Q==",
      "dev": true
    },
    "acorn-to-esprima": {
      "version": "2.0.8",
      "resolved": "https://registry.npmjs.org/acorn-to-esprima/-/acorn-to-esprima-2.0.8.tgz",
      "integrity": "sha1-AD8MZC65ITL0F9NwjxStqCrfLrE=",
      "dev": true
    },
    "all-the-cities": {
      "version": "2.0.1",
      "resolved": "https://registry.npmjs.org/all-the-cities/-/all-the-cities-2.0.1.tgz",
      "integrity": "sha512-vr3XJzxToVEg0my2ZYodtU88HyQW5gwc1nLzRqCM8wfOtYXZvDGgPzctHzx+ja0UDrgAX3iddvucciaoGgSs+g==",
      "requires": {
        "pbf": "^3.0.5"
      }
    },
    "ansi-regex": {
      "version": "2.1.1",
      "resolved": "https://registry.npmjs.org/ansi-regex/-/ansi-regex-2.1.1.tgz",
      "integrity": "sha1-w7M6te42DYbg5ijwRorn7yfWVN8=",
      "dev": true
    },
    "ansi-styles": {
      "version": "2.2.1",
      "resolved": "https://registry.npmjs.org/ansi-styles/-/ansi-styles-2.2.1.tgz",
      "integrity": "sha1-tDLdM1i2NM914eRmQ2gkBTPB3b4=",
      "dev": true
    },
    "babel-code-frame": {
      "version": "6.26.0",
      "resolved": "https://registry.npmjs.org/babel-code-frame/-/babel-code-frame-6.26.0.tgz",
      "integrity": "sha1-Y/1D99weO7fONZR9uP42mj9Yx0s=",
      "dev": true,
      "requires": {
        "chalk": "^1.1.3",
        "esutils": "^2.0.2",
        "js-tokens": "^3.0.2"
      }
    },
    "babel-messages": {
      "version": "6.23.0",
      "resolved": "https://registry.npmjs.org/babel-messages/-/babel-messages-6.23.0.tgz",
      "integrity": "sha1-8830cDhYA1sqKVHG7F7fbGLyYw4=",
      "dev": true,
      "requires": {
        "babel-runtime": "^6.22.0"
      }
    },
    "babel-runtime": {
      "version": "6.26.0",
      "resolved": "https://registry.npmjs.org/babel-runtime/-/babel-runtime-6.26.0.tgz",
      "integrity": "sha1-llxwWGaOgrVde/4E/yM3vItWR/4=",
      "dev": true,
      "requires": {
        "core-js": "^2.4.0",
        "regenerator-runtime": "^0.11.0"
      }
    },
    "babel-traverse": {
      "version": "6.26.0",
      "resolved": "https://registry.npmjs.org/babel-traverse/-/babel-traverse-6.26.0.tgz",
      "integrity": "sha1-RqnL1+3MYsjlwGTi0tjQ9ANXZu4=",
      "dev": true,
      "requires": {
        "babel-code-frame": "^6.26.0",
        "babel-messages": "^6.23.0",
        "babel-runtime": "^6.26.0",
        "babel-types": "^6.26.0",
        "babylon": "^6.18.0",
        "debug": "^2.6.8",
        "globals": "^9.18.0",
        "invariant": "^2.2.2",
        "lodash": "^4.17.4"
      }
    },
    "babel-types": {
      "version": "6.26.0",
      "resolved": "https://registry.npmjs.org/babel-types/-/babel-types-6.26.0.tgz",
      "integrity": "sha1-o7Bz+Uq0nrb6Vc1lInozQ4BjJJc=",
      "dev": true,
      "requires": {
        "babel-runtime": "^6.26.0",
        "esutils": "^2.0.2",
        "lodash": "^4.17.4",
        "to-fast-properties": "^1.0.3"
      }
    },
    "babylon": {
      "version": "6.18.0",
      "resolved": "https://registry.npmjs.org/babylon/-/babylon-6.18.0.tgz",
      "integrity": "sha512-q/UEjfGJ2Cm3oKV71DJz9d25TPnq5rhBVL2Q4fA5wcC3jcrdn7+SssEybFIxwAvvP+YCsCYNKughoF33GxgycQ==",
      "dev": true
    },
    "balanced-match": {
      "version": "1.0.0",
      "resolved": "https://registry.npmjs.org/balanced-match/-/balanced-match-1.0.0.tgz",
      "integrity": "sha1-ibTRmasr7kneFk6gK4nORi1xt2c=",
      "dev": true
    },
    "bluebird": {
      "version": "3.7.2",
      "resolved": "https://registry.npmjs.org/bluebird/-/bluebird-3.7.2.tgz",
      "integrity": "sha512-XpNj6GDQzdfW+r2Wnn7xiSAd7TM3jzkxGXBGTtWKuSXv1xUV+azxAm8jdWZN06QTQk+2N2XB9jRDkvbmQmcRtg==",
      "dev": true
    },
    "brace-expansion": {
      "version": "1.1.11",
      "resolved": "https://registry.npmjs.org/brace-expansion/-/brace-expansion-1.1.11.tgz",
      "integrity": "sha512-iCuPHDFgrHX7H2vEI/5xpz07zSHB00TpugqhmYtVmMO6518mCuRMoOYFldEBl0g187ufozdaHgWKcYFb61qGiA==",
      "dev": true,
      "requires": {
        "balanced-match": "^1.0.0",
        "concat-map": "0.0.1"
      }
    },
    "browser-stdout": {
      "version": "1.3.0",
      "resolved": "https://registry.npmjs.org/browser-stdout/-/browser-stdout-1.3.0.tgz",
      "integrity": "sha1-81HTKWnTL6XXpVZxVCY9korjvR8=",
      "dev": true
    },
    "buffer-from": {
      "version": "1.1.1",
      "resolved": "https://registry.npmjs.org/buffer-from/-/buffer-from-1.1.1.tgz",
      "integrity": "sha512-MQcXEUbCKtEo7bhqEs6560Hyd4XaovZlO/k9V3hjVUF/zwW7KBVdSK4gIt/bzwS9MbR5qob+F5jusZsb0YQK2A==",
      "dev": true
    },
    "chalk": {
      "version": "1.1.3",
      "resolved": "https://registry.npmjs.org/chalk/-/chalk-1.1.3.tgz",
      "integrity": "sha1-qBFcVeSnAv5NFQq9OHKCKn4J/Jg=",
      "dev": true,
      "requires": {
        "ansi-styles": "^2.2.1",
        "escape-string-regexp": "^1.0.2",
        "has-ansi": "^2.0.0",
        "strip-ansi": "^3.0.0",
        "supports-color": "^2.0.0"
      },
      "dependencies": {
        "supports-color": {
          "version": "2.0.0",
          "resolved": "https://registry.npmjs.org/supports-color/-/supports-color-2.0.0.tgz",
          "integrity": "sha1-U10EXOa2Nj+kARcIRimZXp3zJMc=",
          "dev": true
        }
      }
    },
    "commander": {
      "version": "2.9.0",
      "resolved": "https://registry.npmjs.org/commander/-/commander-2.9.0.tgz",
      "integrity": "sha1-nJkJQXbhIkDLItbFFGCYQA/g99Q=",
      "dev": true,
      "requires": {
        "graceful-readlink": ">= 1.0.0"
      }
    },
    "concat-map": {
      "version": "0.0.1",
      "resolved": "https://registry.npmjs.org/concat-map/-/concat-map-0.0.1.tgz",
      "integrity": "sha1-2Klr13/Wjfd5OnMDajug1UBdR3s=",
      "dev": true
    },
    "concat-stream": {
      "version": "1.6.2",
      "resolved": "https://registry.npmjs.org/concat-stream/-/concat-stream-1.6.2.tgz",
      "integrity": "sha512-27HBghJxjiZtIk3Ycvn/4kbJk/1uZuJFfuPEns6LaEvpvG1f0hTea8lilrouyo9mVc2GWdcEZ8OLoGmSADlrCw==",
      "dev": true,
      "requires": {
        "buffer-from": "^1.0.0",
        "inherits": "^2.0.3",
        "readable-stream": "^2.2.2",
        "typedarray": "^0.0.6"
      }
    },
    "config-chain": {
      "version": "1.1.12",
      "resolved": "https://registry.npmjs.org/config-chain/-/config-chain-1.1.12.tgz",
      "integrity": "sha512-a1eOIcu8+7lUInge4Rpf/n4Krkf3Dd9lqhljRzII1/Zno/kRtUWnznPO3jOKBmTEktkt3fkxisUcivoj0ebzoA==",
      "dev": true,
      "requires": {
        "ini": "^1.3.4",
        "proto-list": "~1.2.1"
      }
    },
    "core-js": {
      "version": "2.6.11",
      "resolved": "https://registry.npmjs.org/core-js/-/core-js-2.6.11.tgz",
      "integrity": "sha512-5wjnpaT/3dV+XB4borEsnAYQchn00XSgTAWKDkEqv+K8KevjbzmofK6hfJ9TZIlpj2N0xQpazy7PiRQiWHqzWg==",
      "dev": true
    },
    "core-util-is": {
      "version": "1.0.2",
      "resolved": "https://registry.npmjs.org/core-util-is/-/core-util-is-1.0.2.tgz",
      "integrity": "sha1-tf1UIgqivFq1eqtxQMlAdUUDwac=",
      "dev": true
    },
    "debug": {
      "version": "2.6.8",
      "resolved": "https://registry.npmjs.org/debug/-/debug-2.6.8.tgz",
      "integrity": "sha1-5zFTHKLt4n0YgiJCfaF4IdaP9Pw=",
      "dev": true,
      "requires": {
        "ms": "2.0.0"
      }
    },
    "debug-log": {
      "version": "1.0.1",
      "resolved": "https://registry.npmjs.org/debug-log/-/debug-log-1.0.1.tgz",
      "integrity": "sha1-IwdjLUwEOCuN+KMvcLiVBG1SdF8=",
      "dev": true
    },
    "deglob": {
      "version": "1.1.2",
      "resolved": "https://registry.npmjs.org/deglob/-/deglob-1.1.2.tgz",
      "integrity": "sha1-dtV3wl/j9zKUEqK1nq3qV6xQDj8=",
      "dev": true,
      "requires": {
        "find-root": "^1.0.0",
        "glob": "^7.0.5",
        "ignore": "^3.0.9",
        "pkg-config": "^1.1.0",
        "run-parallel": "^1.1.2",
        "uniq": "^1.0.1",
        "xtend": "^4.0.0"
      }
    },
    "diff": {
      "version": "3.2.0",
      "resolved": "https://registry.npmjs.org/diff/-/diff-3.2.0.tgz",
      "integrity": "sha1-yc45Okt8vQsFinJck98pkCeGj/k=",
      "dev": true
    },
    "disparity": {
      "version": "2.0.0",
      "resolved": "https://registry.npmjs.org/disparity/-/disparity-2.0.0.tgz",
      "integrity": "sha1-V92stHMkrl9Y0swNqIbbTOnutxg=",
      "dev": true,
      "requires": {
        "ansi-styles": "^2.0.1",
        "diff": "^1.3.2"
      },
      "dependencies": {
        "diff": {
          "version": "1.4.0",
          "resolved": "https://registry.npmjs.org/diff/-/diff-1.4.0.tgz",
          "integrity": "sha1-fyjS657nsVqX79ic5j3P2qPMur8=",
          "dev": true
        }
      }
    },
    "editorconfig": {
      "version": "0.13.3",
      "resolved": "https://registry.npmjs.org/editorconfig/-/editorconfig-0.13.3.tgz",
      "integrity": "sha512-WkjsUNVCu+ITKDj73QDvi0trvpdDWdkDyHybDGSXPfekLCqwmpD7CP7iPbvBgosNuLcI96XTDwNa75JyFl7tEQ==",
      "dev": true,
      "requires": {
        "bluebird": "^3.0.5",
        "commander": "^2.9.0",
        "lru-cache": "^3.2.0",
        "semver": "^5.1.0",
        "sigmund": "^1.0.1"
      },
      "dependencies": {
        "semver": {
          "version": "5.7.1",
          "resolved": "https://registry.npmjs.org/semver/-/semver-5.7.1.tgz",
          "integrity": "sha512-sauaDf/PZdVgrLTNYHRtpXa1iRiKcaebiKQ1BJdpQlWH2lCvexQdX55snPFyK7QzpudqbCI0qXFfOasHdyNDGQ==",
          "dev": true
        }
      }
    },
    "escape-string-regexp": {
      "version": "1.0.5",
      "resolved": "https://registry.npmjs.org/escape-string-regexp/-/escape-string-regexp-1.0.5.tgz",
      "integrity": "sha1-G2HAViGQqN/2rjuyzwIAyhMLhtQ=",
      "dev": true
    },
    "esformatter": {
      "version": "0.9.6",
      "resolved": "https://registry.npmjs.org/esformatter/-/esformatter-0.9.6.tgz",
      "integrity": "sha1-Ngiux4KN7uPNP0bhGSrrRyaKlX8=",
      "dev": true,
      "requires": {
        "acorn-to-esprima": "^2.0.6",
        "babel-traverse": "^6.4.5",
        "debug": "^0.7.4",
        "disparity": "^2.0.0",
        "esformatter-parser": "^1.0.0",
        "glob": "^5.0.3",
        "minimist": "^1.1.1",
        "mout": ">=0.9 <2.0",
        "npm-run": "^2.0.0",
        "resolve": "^1.1.5",
        "rocambole": ">=0.7 <2.0",
        "rocambole-indent": "^2.0.4",
        "rocambole-linebreak": "^1.0.2",
        "rocambole-node": "~1.0",
        "rocambole-token": "^1.1.2",
        "rocambole-whitespace": "^1.0.0",
        "stdin": "*",
        "strip-json-comments": "~0.1.1",
        "supports-color": "^1.3.1",
        "user-home": "^2.0.0"
      },
      "dependencies": {
        "debug": {
          "version": "0.7.4",
          "resolved": "https://registry.npmjs.org/debug/-/debug-0.7.4.tgz",
          "integrity": "sha1-BuHqgILCyxTjmAbiLi9vdX+Srzk=",
          "dev": true
        },
        "glob": {
          "version": "5.0.15",
          "resolved": "https://registry.npmjs.org/glob/-/glob-5.0.15.tgz",
          "integrity": "sha1-G8k2ueAvSmA/zCIuz3Yz0wuLk7E=",
          "dev": true,
          "requires": {
            "inflight": "^1.0.4",
            "inherits": "2",
            "minimatch": "2 || 3",
            "once": "^1.3.0",
            "path-is-absolute": "^1.0.0"
          }
        },
        "minimist": {
          "version": "1.2.5",
          "resolved": "https://registry.npmjs.org/minimist/-/minimist-1.2.5.tgz",
          "integrity": "sha512-FM9nNUYrRBAELZQT3xeZQ7fmMOBg6nWNmJKTcgsJeaLstP/UODVpGsr5OhXhhXg6f+qtJ8uiZ+PUxkDWcgIXLw==",
          "dev": true
        },
        "supports-color": {
          "version": "1.3.1",
          "resolved": "https://registry.npmjs.org/supports-color/-/supports-color-1.3.1.tgz",
          "integrity": "sha1-FXWN8J2P87SswwdTn6vicJXhBC0=",
          "dev": true
        }
      }
    },
    "esformatter-eol-last": {
      "version": "1.0.0",
      "resolved": "https://registry.npmjs.org/esformatter-eol-last/-/esformatter-eol-last-1.0.0.tgz",
      "integrity": "sha1-RaeP9GIrHUnkT1a0mQV2amMpDAc=",
      "dev": true,
      "requires": {
        "string.prototype.endswith": "^0.2.0"
      }
    },
    "esformatter-ignore": {
      "version": "0.1.3",
      "resolved": "https://registry.npmjs.org/esformatter-ignore/-/esformatter-ignore-0.1.3.tgz",
      "integrity": "sha1-BNO4db+knd4ATMWN9va7w8BWfx4=",
      "dev": true
    },
    "esformatter-jsx": {
      "version": "7.4.1",
      "resolved": "https://registry.npmjs.org/esformatter-jsx/-/esformatter-jsx-7.4.1.tgz",
      "integrity": "sha1-siCa4JCPQTp0exIFcny/S6QklgI=",
      "dev": true,
      "requires": {
        "babylon": "6.14.1",
        "esformatter-ignore": "^0.1.3",
        "extend": "3.0.0",
        "js-beautify": "1.6.4"
      },
      "dependencies": {
        "babylon": {
          "version": "6.14.1",
          "resolved": "https://registry.npmjs.org/babylon/-/babylon-6.14.1.tgz",
          "integrity": "sha1-lWJ1+rcnU62bNDXXr+WPi/CimBU=",
          "dev": true
        }
      }
    },
    "esformatter-literal-notation": {
      "version": "1.0.1",
      "resolved": "https://registry.npmjs.org/esformatter-literal-notation/-/esformatter-literal-notation-1.0.1.tgz",
      "integrity": "sha1-cQ57QgF1/j9+WvrVu60ykQOELi8=",
      "dev": true,
      "requires": {
        "rocambole": "^0.3.6",
        "rocambole-token": "^1.2.1"
      },
      "dependencies": {
        "esprima": {
          "version": "1.0.4",
          "resolved": "https://registry.npmjs.org/esprima/-/esprima-1.0.4.tgz",
          "integrity": "sha1-n1V+CPw7TSbs6d00+Pv0drYlha0=",
          "dev": true
        },
        "rocambole": {
          "version": "0.3.6",
          "resolved": "https://registry.npmjs.org/rocambole/-/rocambole-0.3.6.tgz",
          "integrity": "sha1-Teu/WUMUS8e2AG2Vvo+swLdDUqc=",
          "dev": true,
          "requires": {
            "esprima": "~1.0"
          }
        }
      }
    },
    "esformatter-parser": {
      "version": "1.0.0",
      "resolved": "https://registry.npmjs.org/esformatter-parser/-/esformatter-parser-1.0.0.tgz",
      "integrity": "sha1-CFQHLQSHU57TnK442KVDLBfsEdM=",
      "dev": true,
      "requires": {
        "acorn-to-esprima": "^2.0.8",
        "babel-traverse": "^6.9.0",
        "babylon": "^6.8.0",
        "rocambole": "^0.7.0"
      }
    },
    "esformatter-quotes": {
      "version": "1.1.0",
      "resolved": "https://registry.npmjs.org/esformatter-quotes/-/esformatter-quotes-1.1.0.tgz",
      "integrity": "sha1-4ixsRFx/MGBB2BybnlH8psv6yoI=",
      "dev": true
    },
    "esformatter-remove-trailing-commas": {
      "version": "1.0.1",
      "resolved": "https://registry.npmjs.org/esformatter-remove-trailing-commas/-/esformatter-remove-trailing-commas-1.0.1.tgz",
      "integrity": "sha1-k5diTB+qmA/E7Mfl6YE+tPK1gqc=",
      "dev": true,
      "requires": {
        "rocambole-token": "^1.2.1"
      }
    },
    "esformatter-semicolon-first": {
      "version": "1.2.0",
      "resolved": "https://registry.npmjs.org/esformatter-semicolon-first/-/esformatter-semicolon-first-1.2.0.tgz",
      "integrity": "sha1-47US0dTgcxDqvKv1cnfqfIpW4kI=",
      "dev": true,
      "requires": {
        "esformatter-parser": "^1.0",
        "rocambole": ">=0.6.0 <2.0",
        "rocambole-linebreak": "^1.0.2",
        "rocambole-token": "^1.2.1"
      }
    },
    "esformatter-spaced-lined-comment": {
      "version": "2.0.1",
      "resolved": "https://registry.npmjs.org/esformatter-spaced-lined-comment/-/esformatter-spaced-lined-comment-2.0.1.tgz",
      "integrity": "sha1-3F80B/k8KV4eVkRr00RWDaXm3Kw=",
      "dev": true
    },
    "esprima": {
      "version": "2.7.3",
      "resolved": "https://registry.npmjs.org/esprima/-/esprima-2.7.3.tgz",
      "integrity": "sha1-luO3DVd59q1JzQMmc9HDEnZ7pYE=",
      "dev": true
    },
    "esutils": {
      "version": "2.0.3",
      "resolved": "https://registry.npmjs.org/esutils/-/esutils-2.0.3.tgz",
      "integrity": "sha512-kVscqXk4OCp68SZ0dkgEKVi6/8ij300KBWTJq32P/dYeWTSwK41WyTxalN1eRmA5Z9UU/LX9D7FWSmV9SAYx6g==",
      "dev": true
    },
    "extend": {
      "version": "3.0.0",
      "resolved": "https://registry.npmjs.org/extend/-/extend-3.0.0.tgz",
      "integrity": "sha1-WkdDU7nzNT3dgXbf03uRyDpG8dQ=",
      "dev": true
    },
    "find-root": {
      "version": "1.1.0",
      "resolved": "https://registry.npmjs.org/find-root/-/find-root-1.1.0.tgz",
      "integrity": "sha512-NKfW6bec6GfKc0SGx1e07QZY9PE99u0Bft/0rzSD5k3sO/vwkVUpDUKVm5Gpp5Ue3YfShPFTX2070tDs5kB9Ng==",
      "dev": true
    },
    "fs.realpath": {
      "version": "1.0.0",
      "resolved": "https://registry.npmjs.org/fs.realpath/-/fs.realpath-1.0.0.tgz",
      "integrity": "sha1-FQStJSMVjKpA20onh8sBQRmU6k8=",
      "dev": true
    },
    "geokdbush": {
      "version": "1.1.0",
      "resolved": "https://registry.npmjs.org/geokdbush/-/geokdbush-1.1.0.tgz",
      "integrity": "sha1-ql6OeVOmWUtAqF+9thBZrw9RRo8=",
      "requires": {
        "tinyqueue": "^1.2.2"
      }
    },
    "glob": {
      "version": "7.1.1",
      "resolved": "https://registry.npmjs.org/glob/-/glob-7.1.1.tgz",
      "integrity": "sha1-gFIR3wT6rxxjo2ADBs31reULLsg=",
      "dev": true,
      "requires": {
        "fs.realpath": "^1.0.0",
        "inflight": "^1.0.4",
        "inherits": "2",
        "minimatch": "^3.0.2",
        "once": "^1.3.0",
        "path-is-absolute": "^1.0.0"
      }
    },
    "globals": {
      "version": "9.18.0",
      "resolved": "https://registry.npmjs.org/globals/-/globals-9.18.0.tgz",
      "integrity": "sha512-S0nG3CLEQiY/ILxqtztTWH/3iRRdyBLw6KMDxnKMchrtbj2OFmehVh0WUCfW3DUrIgx/qFrJPICrq4Z4sTR9UQ==",
      "dev": true
    },
    "graceful-readlink": {
      "version": "1.0.1",
      "resolved": "https://registry.npmjs.org/graceful-readlink/-/graceful-readlink-1.0.1.tgz",
      "integrity": "sha1-TK+tdrxi8C+gObL5Tpo906ORpyU=",
      "dev": true
    },
    "growl": {
      "version": "1.9.2",
      "resolved": "https://registry.npmjs.org/growl/-/growl-1.9.2.tgz",
      "integrity": "sha1-Dqd0NxXbjY3ixe3hd14bRayFwC8=",
      "dev": true
    },
    "has-ansi": {
      "version": "2.0.0",
      "resolved": "https://registry.npmjs.org/has-ansi/-/has-ansi-2.0.0.tgz",
      "integrity": "sha1-NPUEnOHs3ysGSa8+8k5F7TVBbZE=",
      "dev": true,
      "requires": {
        "ansi-regex": "^2.0.0"
      }
    },
    "has-flag": {
      "version": "1.0.0",
      "resolved": "https://registry.npmjs.org/has-flag/-/has-flag-1.0.0.tgz",
      "integrity": "sha1-nZ55MWXOAXoA8AQYxD+UKnsdEfo=",
      "dev": true
    },
    "he": {
      "version": "1.1.1",
      "resolved": "https://registry.npmjs.org/he/-/he-1.1.1.tgz",
      "integrity": "sha1-k0EP0hsAlzUVH4howvJx80J+I/0=",
      "dev": true
    },
    "ieee754": {
      "version": "1.1.13",
      "resolved": "https://registry.npmjs.org/ieee754/-/ieee754-1.1.13.tgz",
      "integrity": "sha512-4vf7I2LYV/HaWerSo3XmlMkp5eZ83i+/CDluXi/IGTs/O1sejBNhTtnxzmRZfvOUqj7lZjqHkeTvpgSFDlWZTg=="
    },
    "ignore": {
      "version": "3.3.10",
      "resolved": "https://registry.npmjs.org/ignore/-/ignore-3.3.10.tgz",
      "integrity": "sha512-Pgs951kaMm5GXP7MOvxERINe3gsaVjUWFm+UZPSq9xYriQAksyhg0csnS0KXSNRD5NmNdapXEpjxG49+AKh/ug==",
      "dev": true
    },
    "inflight": {
      "version": "1.0.6",
      "resolved": "https://registry.npmjs.org/inflight/-/inflight-1.0.6.tgz",
      "integrity": "sha1-Sb1jMdfQLQwJvJEKEHW6gWW1bfk=",
      "dev": true,
      "requires": {
        "once": "^1.3.0",
        "wrappy": "1"
      }
    },
    "inherits": {
      "version": "2.0.4",
      "resolved": "https://registry.npmjs.org/inherits/-/inherits-2.0.4.tgz",
      "integrity": "sha512-k/vGaX4/Yla3WzyMCvTQOXYeIHvqOKtnqBduzTHpzpQZzAskKMhZ2K+EnBiSM9zGSoIFeMpXKxa4dYeZIQqewQ==",
      "dev": true
    },
    "ini": {
      "version": "1.3.5",
      "resolved": "https://registry.npmjs.org/ini/-/ini-1.3.5.tgz",
      "integrity": "sha512-RZY5huIKCMRWDUqZlEi72f/lmXKMvuszcMBduliQ3nnWbx9X/ZBQO7DijMEYS9EhHBb2qacRUMtC7svLwe0lcw==",
      "dev": true
    },
    "invariant": {
      "version": "2.2.4",
      "resolved": "https://registry.npmjs.org/invariant/-/invariant-2.2.4.tgz",
      "integrity": "sha512-phJfQVBuaJM5raOpJjSfkiD6BpbCE4Ns//LaXl6wGYtUBY83nWS6Rf9tXm2e8VaK60JEjYldbPif/A2B1C2gNA==",
      "dev": true,
      "requires": {
        "loose-envify": "^1.0.0"
      }
    },
    "isarray": {
      "version": "1.0.0",
      "resolved": "https://registry.npmjs.org/isarray/-/isarray-1.0.0.tgz",
      "integrity": "sha1-u5NdSFgsuhaMBoNJV6VKPgcSTxE=",
      "dev": true
    },
    "isexe": {
      "version": "2.0.0",
      "resolved": "https://registry.npmjs.org/isexe/-/isexe-2.0.0.tgz",
      "integrity": "sha1-6PvzdNxVb/iUehDcsFctYz8s+hA=",
      "dev": true
    },
    "js-beautify": {
      "version": "1.6.4",
      "resolved": "https://registry.npmjs.org/js-beautify/-/js-beautify-1.6.4.tgz",
      "integrity": "sha1-qa95aZdCrJobb93B/bx4vE1RX8M=",
      "dev": true,
      "requires": {
        "config-chain": "~1.1.5",
        "editorconfig": "^0.13.2",
        "mkdirp": "~0.5.0",
        "nopt": "~3.0.1"
      }
    },
    "js-tokens": {
      "version": "3.0.2",
      "resolved": "https://registry.npmjs.org/js-tokens/-/js-tokens-3.0.2.tgz",
      "integrity": "sha1-mGbfOVECEw449/mWvOtlRDIJwls=",
      "dev": true
    },
    "json3": {
      "version": "3.3.2",
      "resolved": "https://registry.npmjs.org/json3/-/json3-3.3.2.tgz",
      "integrity": "sha1-PAQ0dD35Pi9cQq7nsZvLSDV19OE=",
      "dev": true
    },
    "kdbush": {
      "version": "1.0.1",
      "resolved": "https://registry.npmjs.org/kdbush/-/kdbush-1.0.1.tgz",
      "integrity": "sha1-PL0D6d6tnA9vZszblkUOXOzGQOA="
    },
    "lodash": {
      "version": "4.17.19",
      "resolved": "https://registry.npmjs.org/lodash/-/lodash-4.17.19.tgz",
      "integrity": "sha512-JNvd8XER9GQX0v2qJgsaN/mzFCNA5BRe/j8JN9d+tWyGLSodKQHKFicdwNYzWwI3wjRnaKPsGj1XkBjx/F96DQ==",
      "dev": true
    },
    "lodash._baseassign": {
      "version": "3.2.0",
      "resolved": "https://registry.npmjs.org/lodash._baseassign/-/lodash._baseassign-3.2.0.tgz",
      "integrity": "sha1-jDigmVAPIVrQnlnxci/QxSv+Ck4=",
      "dev": true,
      "requires": {
        "lodash._basecopy": "^3.0.0",
        "lodash.keys": "^3.0.0"
      }
    },
    "lodash._basecopy": {
      "version": "3.0.1",
      "resolved": "https://registry.npmjs.org/lodash._basecopy/-/lodash._basecopy-3.0.1.tgz",
      "integrity": "sha1-jaDmqHbPNEwK2KVIghEd08XHyjY=",
      "dev": true
    },
    "lodash._basecreate": {
      "version": "3.0.3",
      "resolved": "https://registry.npmjs.org/lodash._basecreate/-/lodash._basecreate-3.0.3.tgz",
      "integrity": "sha1-G8ZhYU2qf8MRt9A78WgGoCE8+CE=",
      "dev": true
    },
    "lodash._getnative": {
      "version": "3.9.1",
      "resolved": "https://registry.npmjs.org/lodash._getnative/-/lodash._getnative-3.9.1.tgz",
      "integrity": "sha1-VwvH3t5G1hzc3mh9ZdPuy6o6r/U=",
      "dev": true
    },
    "lodash._isiterateecall": {
      "version": "3.0.9",
      "resolved": "https://registry.npmjs.org/lodash._isiterateecall/-/lodash._isiterateecall-3.0.9.tgz",
      "integrity": "sha1-UgOte6Ql+uhCRg5pbbnPPmqsBXw=",
      "dev": true
    },
    "lodash.create": {
      "version": "3.1.1",
      "resolved": "https://registry.npmjs.org/lodash.create/-/lodash.create-3.1.1.tgz",
      "integrity": "sha1-1/KEnw29p+BGgruM1yqwIkYd6+c=",
      "dev": true,
      "requires": {
        "lodash._baseassign": "^3.0.0",
        "lodash._basecreate": "^3.0.0",
        "lodash._isiterateecall": "^3.0.0"
      }
    },
    "lodash.isarguments": {
      "version": "3.1.0",
      "resolved": "https://registry.npmjs.org/lodash.isarguments/-/lodash.isarguments-3.1.0.tgz",
      "integrity": "sha1-L1c9hcaiQon/AGY7SRwdM4/zRYo=",
      "dev": true
    },
    "lodash.isarray": {
      "version": "3.0.4",
      "resolved": "https://registry.npmjs.org/lodash.isarray/-/lodash.isarray-3.0.4.tgz",
      "integrity": "sha1-eeTriMNqgSKvhvhEqpvNhRtfu1U=",
      "dev": true
    },
    "lodash.keys": {
      "version": "3.1.2",
      "resolved": "https://registry.npmjs.org/lodash.keys/-/lodash.keys-3.1.2.tgz",
      "integrity": "sha1-TbwEcrFWvlCgsoaFXRvQsMZWCYo=",
      "dev": true,
      "requires": {
        "lodash._getnative": "^3.0.0",
        "lodash.isarguments": "^3.0.0",
        "lodash.isarray": "^3.0.0"
      }
    },
    "loose-envify": {
      "version": "1.4.0",
      "resolved": "https://registry.npmjs.org/loose-envify/-/loose-envify-1.4.0.tgz",
      "integrity": "sha512-lyuxPGr/Wfhrlem2CL/UcnUc1zcqKAImBDzukY7Y5F/yQiNdko6+fRLevlw1HgMySw7f611UIY408EtxRSoK3Q==",
      "dev": true,
      "requires": {
        "js-tokens": "^3.0.0 || ^4.0.0"
      }
    },
    "lru-cache": {
      "version": "3.2.0",
      "resolved": "https://registry.npmjs.org/lru-cache/-/lru-cache-3.2.0.tgz",
      "integrity": "sha1-cXibO39Tmb7IVl3aOKow0qCX7+4=",
      "dev": true,
      "requires": {
        "pseudomap": "^1.0.1"
      }
    },
    "minimatch": {
      "version": "3.0.4",
      "resolved": "https://registry.npmjs.org/minimatch/-/minimatch-3.0.4.tgz",
      "integrity": "sha512-yJHVQEhyqPLUTgt9B83PXu6W3rx4MvvHvSUvToogpwoGDOUQ+yDrR0HRot+yOCdCO7u4hX3pWft6kWBBcqh0UA==",
      "dev": true,
      "requires": {
        "brace-expansion": "^1.1.7"
      }
    },
    "minimist": {
      "version": "0.0.8",
      "resolved": "https://registry.npmjs.org/minimist/-/minimist-0.0.8.tgz",
      "integrity": "sha1-hX/Kv8M5fSYluCKCYuhqp6ARsF0=",
      "dev": true
    },
    "mkdirp": {
      "version": "0.5.1",
      "resolved": "https://registry.npmjs.org/mkdirp/-/mkdirp-0.5.1.tgz",
      "integrity": "sha1-MAV0OOrGz3+MR2fzhkjWaX11yQM=",
      "dev": true,
      "requires": {
        "minimist": "0.0.8"
      }
    },
    "mocha": {
      "version": "3.5.3",
      "resolved": "https://registry.npmjs.org/mocha/-/mocha-3.5.3.tgz",
      "integrity": "sha512-/6na001MJWEtYxHOV1WLfsmR4YIynkUEhBwzsb+fk2qmQ3iqsi258l/Q2MWHJMImAcNpZ8DEdYAK72NHoIQ9Eg==",
      "dev": true,
      "requires": {
        "browser-stdout": "1.3.0",
        "commander": "2.9.0",
        "debug": "2.6.8",
        "diff": "3.2.0",
        "escape-string-regexp": "1.0.5",
        "glob": "7.1.1",
        "growl": "1.9.2",
        "he": "1.1.1",
        "json3": "3.3.2",
        "lodash.create": "3.1.1",
        "mkdirp": "0.5.1",
        "supports-color": "3.1.2"
      }
    },
    "mout": {
      "version": "1.2.2",
      "resolved": "https://registry.npmjs.org/mout/-/mout-1.2.2.tgz",
      "integrity": "sha512-w0OUxFEla6z3d7sVpMZGBCpQvYh8PHS1wZ6Wu9GNKHMpAHWJ0if0LsQZh3DlOqw55HlhJEOMLpFnwtxp99Y5GA==",
      "dev": true
    },
    "ms": {
      "version": "2.0.0",
      "resolved": "https://registry.npmjs.org/ms/-/ms-2.0.0.tgz",
      "integrity": "sha1-VgiurfwAvmwpAd9fmGF4jeDVl8g=",
      "dev": true
    },
    "nopt": {
      "version": "3.0.6",
      "resolved": "https://registry.npmjs.org/nopt/-/nopt-3.0.6.tgz",
      "integrity": "sha1-xkZdvwirzU2zWTF/eaxopkayj/k=",
      "dev": true,
      "requires": {
        "abbrev": "1"
      }
    },
    "npm-path": {
      "version": "1.1.0",
      "resolved": "https://registry.npmjs.org/npm-path/-/npm-path-1.1.0.tgz",
      "integrity": "sha1-BHSuAEGcMn1UcBt88s0F3Ii+EUA=",
      "dev": true,
      "requires": {
        "which": "^1.2.4"
      }
    },
    "npm-run": {
      "version": "2.0.0",
      "resolved": "https://registry.npmjs.org/npm-run/-/npm-run-2.0.0.tgz",
      "integrity": "sha1-KN/ArV4uRv4ISOK9WN3wAue3PBU=",
      "dev": true,
      "requires": {
        "minimist": "^1.1.1",
        "npm-path": "^1.0.1",
        "npm-which": "^2.0.0",
        "serializerr": "^1.0.1",
        "spawn-sync": "^1.0.5",
        "sync-exec": "^0.5.0"
      },
      "dependencies": {
        "minimist": {
          "version": "1.2.5",
          "resolved": "https://registry.npmjs.org/minimist/-/minimist-1.2.5.tgz",
          "integrity": "sha512-FM9nNUYrRBAELZQT3xeZQ7fmMOBg6nWNmJKTcgsJeaLstP/UODVpGsr5OhXhhXg6f+qtJ8uiZ+PUxkDWcgIXLw==",
          "dev": true
        }
      }
    },
    "npm-which": {
      "version": "2.0.0",
      "resolved": "https://registry.npmjs.org/npm-which/-/npm-which-2.0.0.tgz",
      "integrity": "sha1-DEaYIWC3gwk2YdHQG9RJbS/qu6w=",
      "dev": true,
      "requires": {
        "commander": "^2.2.0",
        "npm-path": "^1.0.0",
        "which": "^1.0.5"
      }
    },
    "once": {
      "version": "1.4.0",
      "resolved": "https://registry.npmjs.org/once/-/once-1.4.0.tgz",
      "integrity": "sha1-WDsap3WWHUsROsF9nFC6753Xa9E=",
      "dev": true,
      "requires": {
        "wrappy": "1"
      }
    },
    "os-homedir": {
      "version": "1.0.2",
      "resolved": "https://registry.npmjs.org/os-homedir/-/os-homedir-1.0.2.tgz",
      "integrity": "sha1-/7xJiDNuDoM94MFox+8VISGqf7M=",
      "dev": true
    },
    "os-shim": {
      "version": "0.1.3",
      "resolved": "https://registry.npmjs.org/os-shim/-/os-shim-0.1.3.tgz",
      "integrity": "sha1-a2LDeRz3kJ6jXtRuF2WLtBfLORc=",
      "dev": true
    },
    "path-is-absolute": {
      "version": "1.0.1",
      "resolved": "https://registry.npmjs.org/path-is-absolute/-/path-is-absolute-1.0.1.tgz",
      "integrity": "sha1-F0uSaHNVNP+8es5r9TpanhtcX18=",
      "dev": true
    },
    "path-parse": {
      "version": "1.0.6",
      "resolved": "https://registry.npmjs.org/path-parse/-/path-parse-1.0.6.tgz",
      "integrity": "sha512-GSmOT2EbHrINBf9SR7CDELwlJ8AENk3Qn7OikK4nFYAu3Ote2+JYNVvkpAEQm3/TLNEJFD/xZJjzyxg3KBWOzw==",
      "dev": true
    },
    "pbf": {
      "version": "3.2.1",
      "resolved": "https://registry.npmjs.org/pbf/-/pbf-3.2.1.tgz",
      "integrity": "sha512-ClrV7pNOn7rtmoQVF4TS1vyU0WhYRnP92fzbfF75jAIwpnzdJXf8iTd4CMEqO4yUenH6NDqLiwjqlh6QgZzgLQ==",
      "requires": {
        "ieee754": "^1.1.12",
        "resolve-protobuf-schema": "^2.1.0"
      }
    },
    "pkg-config": {
      "version": "1.1.1",
      "resolved": "https://registry.npmjs.org/pkg-config/-/pkg-config-1.1.1.tgz",
      "integrity": "sha1-VX7yLXPaPIg3EHdmxS6tq94pj+Q=",
      "dev": true,
      "requires": {
        "debug-log": "^1.0.0",
        "find-root": "^1.0.0",
        "xtend": "^4.0.1"
      }
    },
    "process-nextick-args": {
      "version": "2.0.1",
      "resolved": "https://registry.npmjs.org/process-nextick-args/-/process-nextick-args-2.0.1.tgz",
      "integrity": "sha512-3ouUOpQhtgrbOa17J7+uxOTpITYWaGP7/AhoR3+A+/1e9skrzelGi/dXzEYyvbxubEF6Wn2ypscTKiKJFFn1ag==",
      "dev": true
    },
    "proto-list": {
      "version": "1.2.4",
      "resolved": "https://registry.npmjs.org/proto-list/-/proto-list-1.2.4.tgz",
      "integrity": "sha1-IS1b/hMYMGpCD2QCuOJv85ZHqEk=",
      "dev": true
    },
    "protochain": {
      "version": "1.0.5",
      "resolved": "https://registry.npmjs.org/protochain/-/protochain-1.0.5.tgz",
      "integrity": "sha1-mRxAfpneJkqt+PgVBLXn+ve/omA=",
      "dev": true
    },
    "protocol-buffers-schema": {
      "version": "3.4.0",
      "resolved": "https://registry.npmjs.org/protocol-buffers-schema/-/protocol-buffers-schema-3.4.0.tgz",
      "integrity": "sha512-G/2kcamPF2S49W5yaMGdIpkG6+5wZF0fzBteLKgEHjbNzqjZQ85aAs1iJGto31EJaSTkNvHs5IXuHSaTLWBAiA=="
    },
    "pseudomap": {
      "version": "1.0.2",
      "resolved": "https://registry.npmjs.org/pseudomap/-/pseudomap-1.0.2.tgz",
      "integrity": "sha1-8FKijacOYYkX7wqKw0wa5aaChrM=",
      "dev": true
    },
    "readable-stream": {
      "version": "2.3.7",
      "resolved": "https://registry.npmjs.org/readable-stream/-/readable-stream-2.3.7.tgz",
      "integrity": "sha512-Ebho8K4jIbHAxnuxi7o42OrZgF/ZTNcsZj6nRKyUmkhLFq8CHItp/fy6hQZuZmP/n3yZ9VBUbp4zz/mX8hmYPw==",
      "dev": true,
      "requires": {
        "core-util-is": "~1.0.0",
        "inherits": "~2.0.3",
        "isarray": "~1.0.0",
        "process-nextick-args": "~2.0.0",
        "safe-buffer": "~5.1.1",
        "string_decoder": "~1.1.1",
        "util-deprecate": "~1.0.1"
      }
    },
    "regenerator-runtime": {
      "version": "0.11.1",
      "resolved": "https://registry.npmjs.org/regenerator-runtime/-/regenerator-runtime-0.11.1.tgz",
      "integrity": "sha512-MguG95oij0fC3QV3URf4V2SDYGJhJnJGqvIIgdECeODCT98wSWDAJ94SSuVpYQUoTcGUIL6L4yNB7j1DFFHSBg==",
      "dev": true
    },
    "repeat-string": {
      "version": "1.6.1",
      "resolved": "https://registry.npmjs.org/repeat-string/-/repeat-string-1.6.1.tgz",
      "integrity": "sha1-jcrkcOHIirwtYA//Sndihtp15jc=",
      "dev": true
    },
    "resolve": {
      "version": "1.17.0",
      "resolved": "https://registry.npmjs.org/resolve/-/resolve-1.17.0.tgz",
      "integrity": "sha512-ic+7JYiV8Vi2yzQGFWOkiZD5Z9z7O2Zhm9XMaTxdJExKasieFCr+yXZ/WmXsckHiKl12ar0y6XiXDx3m4RHn1w==",
      "dev": true,
      "requires": {
        "path-parse": "^1.0.6"
      }
    },
    "resolve-protobuf-schema": {
      "version": "2.1.0",
      "resolved": "https://registry.npmjs.org/resolve-protobuf-schema/-/resolve-protobuf-schema-2.1.0.tgz",
      "integrity": "sha512-kI5ffTiZWmJaS/huM8wZfEMer1eRd7oJQhDuxeCLe3t7N7mX3z94CN0xPxBQxFYQTSNz9T0i+v6inKqSdK8xrQ==",
      "requires": {
        "protocol-buffers-schema": "^3.3.1"
      }
    },
    "rocambole": {
      "version": "0.7.0",
      "resolved": "https://registry.npmjs.org/rocambole/-/rocambole-0.7.0.tgz",
      "integrity": "sha1-9seVBVF9xCtvuECEK4uVOw+WhYU=",
      "dev": true,
      "requires": {
        "esprima": "^2.1"
      }
    },
    "rocambole-indent": {
      "version": "2.0.4",
      "resolved": "https://registry.npmjs.org/rocambole-indent/-/rocambole-indent-2.0.4.tgz",
      "integrity": "sha1-oYokl3ygQAuGHapGMehh3LUtCFw=",
      "dev": true,
      "requires": {
        "debug": "^2.1.3",
        "mout": "^0.11.0",
        "rocambole-token": "^1.2.1"
      },
      "dependencies": {
        "mout": {
          "version": "0.11.1",
          "resolved": "https://registry.npmjs.org/mout/-/mout-0.11.1.tgz",
          "integrity": "sha1-ujYR318OWx/7/QEWa48C0fX6K5k=",
          "dev": true
        }
      }
    },
    "rocambole-linebreak": {
      "version": "1.0.2",
      "resolved": "https://registry.npmjs.org/rocambole-linebreak/-/rocambole-linebreak-1.0.2.tgz",
      "integrity": "sha1-A2IVFbQ7RyHJflocG8paA2Y2jy8=",
      "dev": true,
      "requires": {
        "debug": "^2.1.3",
        "rocambole-token": "^1.2.1",
        "semver": "^4.3.1"
      }
    },
    "rocambole-node": {
      "version": "1.0.0",
      "resolved": "https://registry.npmjs.org/rocambole-node/-/rocambole-node-1.0.0.tgz",
      "integrity": "sha1-21tJ3nQHsAgN1RSHLyjjk9D3/z8=",
      "dev": true
    },
    "rocambole-token": {
      "version": "1.2.1",
      "resolved": "https://registry.npmjs.org/rocambole-token/-/rocambole-token-1.2.1.tgz",
      "integrity": "sha1-x4XfdCjcPLJ614lwR71SOMwHDTU=",
      "dev": true
    },
    "rocambole-whitespace": {
      "version": "1.0.0",
      "resolved": "https://registry.npmjs.org/rocambole-whitespace/-/rocambole-whitespace-1.0.0.tgz",
      "integrity": "sha1-YzMJSSVrKZQfWbGQRZ+ZnGsdO/k=",
      "dev": true,
      "requires": {
        "debug": "^2.1.3",
        "repeat-string": "^1.5.0",
        "rocambole-token": "^1.2.1"
      }
    },
    "run-parallel": {
      "version": "1.1.9",
      "resolved": "https://registry.npmjs.org/run-parallel/-/run-parallel-1.1.9.tgz",
      "integrity": "sha512-DEqnSRTDw/Tc3FXf49zedI638Z9onwUotBMiUFKmrO2sdFKIbXamXGQ3Axd4qgphxKB4kw/qP1w5kTxnfU1B9Q==",
      "dev": true
    },
    "safe-buffer": {
      "version": "5.1.2",
      "resolved": "https://registry.npmjs.org/safe-buffer/-/safe-buffer-5.1.2.tgz",
      "integrity": "sha512-Gd2UZBJDkXlY7GbJxfsE8/nvKkUEU1G38c1siN6QP6a9PT9MmHB8GnpscSmMJSoF8LOIrt8ud/wPtojys4G6+g==",
      "dev": true
    },
    "semver": {
      "version": "4.3.6",
      "resolved": "https://registry.npmjs.org/semver/-/semver-4.3.6.tgz",
      "integrity": "sha1-MAvG4OhjdPe6YQaLWx7NV/xlMto=",
      "dev": true
    },
    "serializerr": {
      "version": "1.0.3",
      "resolved": "https://registry.npmjs.org/serializerr/-/serializerr-1.0.3.tgz",
      "integrity": "sha1-EtTFqhw/+49tHcXzlaqUVVacP5E=",
      "dev": true,
      "requires": {
        "protochain": "^1.0.5"
      }
    },
    "sigmund": {
      "version": "1.0.1",
      "resolved": "https://registry.npmjs.org/sigmund/-/sigmund-1.0.1.tgz",
      "integrity": "sha1-P/IfGYytIXX587eBhT/ZTQ0ZtZA=",
      "dev": true
    },
    "spawn-sync": {
      "version": "1.0.15",
      "resolved": "https://registry.npmjs.org/spawn-sync/-/spawn-sync-1.0.15.tgz",
      "integrity": "sha1-sAeZVX63+wyDdsKdROih6mfldHY=",
      "dev": true,
      "requires": {
        "concat-stream": "^1.4.7",
        "os-shim": "^0.1.2"
      }
    },
    "standard-format": {
      "version": "2.2.4",
      "resolved": "https://registry.npmjs.org/standard-format/-/standard-format-2.2.4.tgz",
      "integrity": "sha1-uQ+zmmNfdJzU/RF/5HMNMRearu8=",
      "dev": true,
      "requires": {
        "deglob": "^1.0.0",
        "esformatter": "^0.9.0",
        "esformatter-eol-last": "^1.0.0",
        "esformatter-jsx": "^7.0.0",
        "esformatter-literal-notation": "^1.0.0",
        "esformatter-quotes": "^1.0.0",
        "esformatter-remove-trailing-commas": "^1.0.1",
        "esformatter-semicolon-first": "^1.1.0",
        "esformatter-spaced-lined-comment": "^2.0.0",
        "minimist": "^1.1.0",
        "stdin": "0.0.1"
      },
      "dependencies": {
        "minimist": {
          "version": "1.2.5",
          "resolved": "https://registry.npmjs.org/minimist/-/minimist-1.2.5.tgz",
          "integrity": "sha512-FM9nNUYrRBAELZQT3xeZQ7fmMOBg6nWNmJKTcgsJeaLstP/UODVpGsr5OhXhhXg6f+qtJ8uiZ+PUxkDWcgIXLw==",
          "dev": true
        }
      }
    },
    "stdin": {
      "version": "0.0.1",
      "resolved": "https://registry.npmjs.org/stdin/-/stdin-0.0.1.tgz",
      "integrity": "sha1-0wQZgarsPf28d6GzjWNy449ftx4=",
      "dev": true
    },
    "string.prototype.endswith": {
      "version": "0.2.0",
      "resolved": "https://registry.npmjs.org/string.prototype.endswith/-/string.prototype.endswith-0.2.0.tgz",
      "integrity": "sha1-oZwg3uUamHd+mkfhDwm+OTubunU=",
      "dev": true
    },
    "string_decoder": {
      "version": "1.1.1",
      "resolved": "https://registry.npmjs.org/string_decoder/-/string_decoder-1.1.1.tgz",
      "integrity": "sha512-n/ShnvDi6FHbbVfviro+WojiFzv+s8MPMHBczVePfUpDJLwoLT0ht1l4YwBCbi8pJAveEEdnkHyPyTP/mzRfwg==",
      "dev": true,
      "requires": {
        "safe-buffer": "~5.1.0"
      }
    },
    "strip-ansi": {
      "version": "3.0.1",
      "resolved": "https://registry.npmjs.org/strip-ansi/-/strip-ansi-3.0.1.tgz",
      "integrity": "sha1-ajhfuIU9lS1f8F0Oiq+UJ43GPc8=",
      "dev": true,
      "requires": {
        "ansi-regex": "^2.0.0"
      }
    },
    "strip-json-comments": {
      "version": "0.1.3",
      "resolved": "https://registry.npmjs.org/strip-json-comments/-/strip-json-comments-0.1.3.tgz",
      "integrity": "sha1-Fkxk43Coo8wAyeAbU55WmCPw7lQ=",
      "dev": true
    },
    "supports-color": {
      "version": "3.1.2",
      "resolved": "https://registry.npmjs.org/supports-color/-/supports-color-3.1.2.tgz",
      "integrity": "sha1-cqJiiU2dQIuVbKBf83su2KbiotU=",
      "dev": true,
      "requires": {
        "has-flag": "^1.0.0"
      }
    },
    "sync-exec": {
      "version": "0.5.0",
      "resolved": "https://registry.npmjs.org/sync-exec/-/sync-exec-0.5.0.tgz",
      "integrity": "sha1-P3JY5KW6FyRTgZCfpqb2z1BuFmE=",
      "dev": true
    },
    "tinyqueue": {
      "version": "1.2.3",
      "resolved": "https://registry.npmjs.org/tinyqueue/-/tinyqueue-1.2.3.tgz",
      "integrity": "sha512-Qz9RgWuO9l8lT+Y9xvbzhPT2efIUIFd69N7eF7tJ9lnQl0iLj1M7peK7IoUGZL9DJHw9XftqLreccfxcQgYLxA=="
    },
    "to-fast-properties": {
      "version": "1.0.3",
      "resolved": "https://registry.npmjs.org/to-fast-properties/-/to-fast-properties-1.0.3.tgz",
      "integrity": "sha1-uDVx+k2MJbguIxsG46MFXeTKGkc=",
      "dev": true
    },
    "typedarray": {
      "version": "0.0.6",
      "resolved": "https://registry.npmjs.org/typedarray/-/typedarray-0.0.6.tgz",
      "integrity": "sha1-hnrHTjhkGHsdPUfZlqeOxciDB3c=",
      "dev": true
    },
    "uniq": {
      "version": "1.0.1",
      "resolved": "https://registry.npmjs.org/uniq/-/uniq-1.0.1.tgz",
      "integrity": "sha1-sxxa6CVIRKOoKBVBzisEuGWnNP8=",
      "dev": true
    },
    "user-home": {
      "version": "2.0.0",
      "resolved": "https://registry.npmjs.org/user-home/-/user-home-2.0.0.tgz",
      "integrity": "sha1-nHC/2Babwdy/SGBODwS4tJzenp8=",
      "dev": true,
      "requires": {
        "os-homedir": "^1.0.0"
      }
    },
    "util-deprecate": {
      "version": "1.0.2",
      "resolved": "https://registry.npmjs.org/util-deprecate/-/util-deprecate-1.0.2.tgz",
      "integrity": "sha1-RQ1Nyfpw3nMnYvvS1KKJgUGaDM8=",
      "dev": true
    },
    "which": {
      "version": "1.3.1",
      "resolved": "https://registry.npmjs.org/which/-/which-1.3.1.tgz",
      "integrity": "sha512-HxJdYWq1MTIQbJ3nw0cqssHoTNU267KlrDuGZ1WYlxDStUtKUhOaJmh112/TZmHxxUfuJqPXSOm7tDyas0OSIQ==",
      "dev": true,
      "requires": {
        "isexe": "^2.0.0"
      }
    },
    "wrappy": {
      "version": "1.0.2",
      "resolved": "https://registry.npmjs.org/wrappy/-/wrappy-1.0.2.tgz",
      "integrity": "sha1-tSQ9jz7BqjXxNkYFvA0QNuMKtp8=",
      "dev": true
    },
    "xtend": {
      "version": "4.0.2",
      "resolved": "https://registry.npmjs.org/xtend/-/xtend-4.0.2.tgz",
      "integrity": "sha512-LKYU1iAXJXUgAXn9URjiu+MWhyUXHsvfp7mcuYm9dSUKK0/CjtrUwFAxD82/mCWbtLsGjFIad0wIsod4zrTAEQ==",
      "dev": true
    }
  }
}
